// !$*UTF8*$!
{
	archiveVersion = 1;
	classes = {
	};
	objectVersion = 77;
	objects = {

/* Begin PBXBuildFile section */
		788F3B712FF8673E008079F9 /* GoogleSignIn in Frameworks */ = {isa = PBXBuildFile; productRef = 788F3B702FF8673E008079F9 /* GoogleSignIn */; };
		788F3B732FF8673E008079F9 /* GoogleSignInSwift in Frameworks */ = {isa = PBXBuildFile; productRef = 788F3B722FF8673E008079F9 /* GoogleSignInSwift */; };
		788F3B762FF8675E008079F9 /* Auth in Frameworks */ = {isa = PBXBuildFile; productRef = 788F3B752FF8675E008079F9 /* Auth */; };
		788F3B782FF8675E008079F9 /* Functions in Frameworks */ = {isa = PBXBuildFile; productRef = 788F3B772FF8675E008079F9 /* Functions */; };
		788F3B7A2FF8675E008079F9 /* PostgREST in Frameworks */ = {isa = PBXBuildFile; productRef = 788F3B792FF8675E008079F9 /* PostgREST */; };
		788F3B7C2FF8675E008079F9 /* Realtime in Frameworks */ = {isa = PBXBuildFile; productRef = 788F3B7B2FF8675E008079F9 /* Realtime */; };
		788F3B7E2FF8675E008079F9 /* Storage in Frameworks */ = {isa = PBXBuildFile; productRef = 788F3B7D2FF8675E008079F9 /* Storage */; };
		788F3B802FF8675E008079F9 /* Supabase in Frameworks */ = {isa = PBXBuildFile; productRef = 788F3B7F2FF8675E008079F9 /* Supabase */; };
		AA000000000000000000000C /* Supabase in Frameworks */ = {isa = PBXBuildFile; productRef = AA000000000000000000000B /* Supabase */; };
		AA000000000000000000000E /* ArchiveShareExtension.appex in Embed Foundation Extensions */ = {isa = PBXBuildFile; fileRef = AA0000000000000000000003 /* ArchiveShareExtension.appex */; settings = {ATTRIBUTES = (RemoveHeadersOnCopy, ); }; };
/* End PBXBuildFile section */

/* Begin PBXContainerItemProxy section */
		AA000000000000000000000F /* PBXContainerItemProxy */ = {
			isa = PBXContainerItemProxy;
			containerPortal = 788F3B3D2FF86701008079F9 /* Project object */;
			proxyType = 1;
			remoteGlobalIDString = AA0000000000000000000004;
			remoteInfo = ArchiveShareExtension;
		};
/* End PBXContainerItemProxy section */

/* Begin PBXCopyFilesBuildPhase section */
		AA000000000000000000000D /* Embed Foundation Extensions */ = {
			isa = PBXCopyFilesBuildPhase;
			buildActionMask = 2147483647;
			dstPath = "";
			dstSubfolderSpec = 13;
			files = (
				AA000000000000000000000E /* ArchiveShareExtension.appex in Embed Foundation Extensions */,
			);
			name = "Embed Foundation Extensions";
			runOnlyForDeploymentPostprocessing = 0;
		};
/* End PBXCopyFilesBuildPhase section */

/* Begin PBXFileReference section */
		788F3B452FF86701008079F9 /* Archive.app */ = {isa = PBXFileReference; explicitFileType = wrapper.application; includeInIndex = 0; path = Archive.app; sourceTree = BUILT_PRODUCTS_DIR; };
		AA0000000000000000000003 /* ArchiveShareExtension.appex */ = {isa = PBXFileReference; explicitFileType = "wrapper.app-extension"; includeInIndex = 0; path = ArchiveShareExtension.appex; sourceTree = BUILT_PRODUCTS_DIR; };
/* End PBXFileReference section */

/* Begin PBXFileSystemSynchronizedBuildFileExceptionSet section */
		787912F62FF8756F0086929E /* Exceptions for "Archive" folder in "Archive" target */ = {
			isa = PBXFileSystemSynchronizedBuildFileExceptionSet;
			membershipExceptions = (
				Info.plist,
			);
			target = 788F3B442FF86701008079F9 /* Archive */;
		};
		AA0000000000000000000011 /* Exceptions for "ArchiveShareExtension" folder in "ArchiveShareExtension" target */ = {
			isa = PBXFileSystemSynchronizedBuildFileExceptionSet;
			membershipExceptions = (
				Info.plist,
			);
			target = AA0000000000000000000004 /* ArchiveShareExtension */;
		};
/* End PBXFileSystemSynchronizedBuildFileExceptionSet section */

/* Begin PBXFileSystemSynchronizedRootGroup section */
		788F3B472FF86701008079F9 /* Archive */ = {
			isa = PBXFileSystemSynchronizedRootGroup;
			exceptions = (
				787912F62FF8756F0086929E /* Exceptions for "Archive" folder in "Archive" target */,
			);
			path = Archive;
			sourceTree = "<group>";
		};
		AA0000000000000000000001 /* Shared */ = {
			isa = PBXFileSystemSynchronizedRootGroup;
			path = Shared;
			sourceTree = "<group>";
		};
		AA0000000000000000000002 /* ArchiveShareExtension */ = {
			isa = PBXFileSystemSynchronizedRootGroup;
			exceptions = (
				AA0000000000000000000011 /* Exceptions for "ArchiveShareExtension" folder in "ArchiveShareExtension" target */,
			);
			path = ArchiveShareExtension;
			sourceTree = "<group>";
		};
/* End PBXFileSystemSynchronizedRootGroup section */

/* Begin PBXFrameworksBuildPhase section */
		788F3B422FF86701008079F9 /* Frameworks */ = {
			isa = PBXFrameworksBuildPhase;
			buildActionMask = 2147483647;
			files = (
				788F3B712FF8673E008079F9 /* GoogleSignIn in Frameworks */,
				788F3B732FF8673E008079F9 /* GoogleSignInSwift in Frameworks */,
				788F3B7E2FF8675E008079F9 /* Storage in Frameworks */,
				788F3B782FF8675E008079F9 /* Functions in Frameworks */,
				788F3B802FF8675E008079F9 /* Supabase in Frameworks */,
				788F3B7C2FF8675E008079F9 /* Realtime in Frameworks */,
				788F3B762FF8675E008079F9 /* Auth in Frameworks */,
				788F3B7A2FF8675E008079F9 /* PostgREST in Frameworks */,
			);
			runOnlyForDeploymentPostprocessing = 0;
		};
		AA0000000000000000000006 /* Frameworks */ = {
			isa = PBXFrameworksBuildPhase;
			buildActionMask = 2147483647;
			files = (
				AA000000000000000000000C /* Supabase in Frameworks */,
			);
			runOnlyForDeploymentPostprocessing = 0;
		};
/* End PBXFrameworksBuildPhase section */

/* Begin PBXGroup section */
		788F3B3C2FF86701008079F9 = {
			isa = PBXGroup;
			children = (
				788F3B472FF86701008079F9 /* Archive */,
				AA0000000000000000000001 /* Shared */,
				AA0000000000000000000002 /* ArchiveShareExtension */,
				788F3B462FF86701008079F9 /* Products */,
			);
			sourceTree = "<group>";
		};
		788F3B462FF86701008079F9 /* Products */ = {
			isa = PBXGroup;
			children = (
				788F3B452FF86701008079F9 /* Archive.app */,
				AA0000000000000000000003 /* ArchiveShareExtension.appex */,
			);
			name = Products;
			sourceTree = "<group>";
		};
/* End PBXGroup section */

/* Begin PBXNativeTarget section */
		788F3B442FF86701008079F9 /* Archive */ = {
			isa = PBXNativeTarget;
			buildConfigurationList = 788F3B662FF86702008079F9 /* Build configuration list for PBXNativeTarget "Archive" */;
			buildPhases = (
				788F3B412FF86701008079F9 /* Sources */,
				788F3B422FF86701008079F9 /* Frameworks */,
				788F3B432FF86701008079F9 /* Resources */,
				AA000000000000000000000D /* Embed Foundation Extensions */,
			);
			buildRules = (
			);
			dependencies = (
				AA0000000000000000000010 /* PBXTargetDependency */,
			);
			fileSystemSynchronizedGroups = (
				788F3B472FF86701008079F9 /* Archive */,
				AA0000000000000000000001 /* Shared */,
			);
			name = Archive;
			packageProductDependencies = (
				788F3B702FF8673E008079F9 /* GoogleSignIn */,
				788F3B722FF8673E008079F9 /* GoogleSignInSwift */,
				788F3B752FF8675E008079F9 /* Auth */,
				788F3B772FF8675E008079F9 /* Functions */,
				788F3B792FF8675E008079F9 /* PostgREST */,
				788F3B7B2FF8675E008079F9 /* Realtime */,
				788F3B7D2FF8675E008079F9 /* Storage */,
				788F3B7F2FF8675E008079F9 /* Supabase */,
			);
			productName = Archive;
			productReference = 788F3B452FF86701008079F9 /* Archive.app */;
			productType = "com.apple.product-type.application";
		};
		AA0000000000000000000004 /* ArchiveShareExtension */ = {
			isa = PBXNativeTarget;
			buildConfigurationList = AA0000000000000000000008 /* Build configuration list for PBXNativeTarget "ArchiveShareExtension" */;
			buildPhases = (
				AA0000000000000000000005 /* Sources */,
				AA0000000000000000000006 /* Frameworks */,
				AA0000000000000000000007 /* Resources */,
			);
			buildRules = (
			);
			dependencies = (
			);
			fileSystemSynchronizedGroups = (
				AA0000000000000000000001 /* Shared */,
				AA0000000000000000000002 /* ArchiveShareExtension */,
			);
			name = ArchiveShareExtension;
			packageProductDependencies = (
				AA000000000000000000000B /* Supabase */,
			);
			productName = ArchiveShareExtension;
			productReference = AA0000000000000000000003 /* ArchiveShareExtension.appex */;
			productType = "com.apple.product-type.app-extension";
		};
/* End PBXNativeTarget section */

/* Begin PBXProject section */
		788F3B3D2FF86701008079F9 /* Project object */ = {
			isa = PBXProject;
			attributes = {
				BuildIndependentTargetsInParallel = 1;
				LastSwiftUpdateCheck = 2620;
				LastUpgradeCheck = 2620;
				TargetAttributes = {
					788F3B442FF86701008079F9 = {
						CreatedOnToolsVersion = 26.2;
					};
					AA0000000000000000000004 = {
						CreatedOnToolsVersion = 26.2;
					};
				};
			};
			buildConfigurationList = 788F3B402FF86701008079F9 /* Build configuration list for PBXProject "Archive" */;
			developmentRegion = en;
			hasScannedForEncodings = 0;
			knownRegions = (
				en,
				Base,
			);
			mainGroup = 788F3B3C2FF86701008079F9;
			minimizedProjectReferenceProxies = 1;
			packageReferences = (
				788F3B6F2FF8673E008079F9 /* XCRemoteSwiftPackageReference "GoogleSignIn-iOS" */,
				788F3B742FF8675E008079F9 /* XCRemoteSwiftPackageReference "supabase-swift" */,
			);
			preferredProjectObjectVersion = 77;
			productRefGroup = 788F3B462FF86701008079F9 /* Products */;
			projectDirPath = "";
			projectRoot = "";
			targets = (
				788F3B442FF86701008079F9 /* Archive */,
				AA0000000000000000000004 /* ArchiveShareExtension */,
			);
		};
/* End PBXProject section */

/* Begin PBXResourcesBuildPhase section */
		788F3B432FF86701008079F9 /* Resources */ = {
			isa = PBXResourcesBuildPhase;
			buildActionMask = 2147483647;
			files = (
			);
			runOnlyForDeploymentPostprocessing = 0;
		};
		AA0000000000000000000007 /* Resources */ = {
			isa = PBXResourcesBuildPhase;
			buildActionMask = 2147483647;
			files = (
			);
			runOnlyForDeploymentPostprocessing = 0;
		};
/* End PBXResourcesBuildPhase section */

/* Begin PBXSourcesBuildPhase section */
		788F3B412FF86701008079F9 /* Sources */ = {
			isa = PBXSourcesBuildPhase;
			buildActionMask = 2147483647;
			files = (
			);
			runOnlyForDeploymentPostprocessing = 0;
		};
		AA0000000000000000000005 /* Sources */ = {
			isa = PBXSourcesBuildPhase;
			buildActionMask = 2147483647;
			files = (
			);
			runOnlyForDeploymentPostprocessing = 0;
		};
/* End PBXSourcesBuildPhase section */

/* Begin PBXTargetDependency section */
		AA0000000000000000000010 /* PBXTargetDependency */ = {
			isa = PBXTargetDependency;
			target = AA0000000000000000000004 /* ArchiveShareExtension */;
			targetProxy = AA000000000000000000000F /* PBXContainerItemProxy */;
		};
/* End PBXTargetDependency section */

/* Begin XCBuildConfiguration section */
		788F3B642FF86702008079F9 /* Debug */ = {
			isa = XCBuildConfiguration;
			buildSettings = {
				ALWAYS_SEARCH_USER_PATHS = NO;
				ASSETCATALOG_COMPILER_GENERATE_SWIFT_ASSET_SYMBOL_EXTENSIONS = YES;
				CLANG_ANALYZER_NONNULL = YES;
				CLANG_ANALYZER_NUMBER_OBJECT_CONVERSION = YES_AGGRESSIVE;
				CLANG_CXX_LANGUAGE_STANDARD = "gnu++20";
				CLANG_ENABLE_MODULES = YES;
				CLANG_ENABLE_OBJC_ARC = YES;
				CLANG_ENABLE_OBJC_WEAK = YES;
				CLANG_WARN_BLOCK_CAPTURE_AUTORELEASING = YES;
				CLANG_WARN_BOOL_CONVERSION = YES;
				CLANG_WARN_COMMA = YES;
				CLANG_WARN_CONSTANT_CONVERSION = YES;
				CLANG_WARN_DEPRECATED_OBJC_IMPLEMENTATIONS = YES;
				CLANG_WARN_DIRECT_OBJC_ISA_USAGE = YES_ERROR;
				CLANG_WARN_DOCUMENTATION_COMMENTS = YES;
				CLANG_WARN_EMPTY_BODY = YES;
				CLANG_WARN_ENUM_CONVERSION = YES;
				CLANG_WARN_INFINITE_RECURSION = YES;
				CLANG_WARN_INT_CONVERSION = YES;
				CLANG_WARN_NON_LITERAL_NULL_CONVERSION = YES;
				CLANG_WARN_OBJC_IMPLICIT_RETAIN_SELF = YES;
				CLANG_WARN_OBJC_LITERAL_CONVERSION = YES;
				CLANG_WARN_OBJC_ROOT_CLASS = YES_ERROR;
				CLANG_WARN_QUOTED_INCLUDE_IN_FRAMEWORK_HEADER = YES;
				CLANG_WARN_RANGE_LOOP_ANALYSIS = YES;
				CLANG_WARN_STRICT_PROTOTYPES = YES;
				CLANG_WARN_SUSPICIOUS_MOVE = YES;
				CLANG_WARN_UNGUARDED_AVAILABILITY = YES_AGGRESSIVE;
				CLANG_WARN_UNREACHABLE_CODE = YES;
				CLANG_WARN__DUPLICATE_METHOD_MATCH = YES;
				COPY_PHASE_STRIP = NO;
				DEBUG_INFORMATION_FORMAT = dwarf;
				ENABLE_STRICT_OBJC_MSGSEND = YES;
				ENABLE_TESTABILITY = YES;
				ENABLE_USER_SCRIPT_SANDBOXING = YES;
				GCC_C_LANGUAGE_STANDARD = gnu17;
				GCC_DYNAMIC_NO_PIC = NO;
				GCC_NO_COMMON_BLOCKS = YES;
				GCC_OPTIMIZATION_LEVEL = 0;
				GCC_PREPROCESSOR_DEFINITIONS = (
					"DEBUG=1",
					"$(inherited)",
				);
				GCC_WARN_64_TO_32_BIT_CONVERSION = YES;
				GCC_WARN_ABOUT_RETURN_TYPE = YES_ERROR;
				GCC_WARN_UNDECLARED_SELECTOR = YES;
				GCC_WARN_UNINITIALIZED_AUTOS = YES_AGGRESSIVE;
				GCC_WARN_UNUSED_FUNCTION = YES;
				GCC_WARN_UNUSED_VARIABLE = YES;
				IPHONEOS_DEPLOYMENT_TARGET = 26.2;
				LOCALIZATION_PREFERS_STRING_CATALOGS = YES;
				MTL_ENABLE_DEBUG_INFO = INCLUDE_SOURCE;
				MTL_FAST_MATH = YES;
				ONLY_ACTIVE_ARCH = YES;
				SDKROOT = iphoneos;
				SWIFT_ACTIVE_COMPILATION_CONDITIONS = "DEBUG $(inherited)";
				SWIFT_OPTIMIZATION_LEVEL = "-Onone";
			};
			name = Debug;
		};
		788F3B652FF86702008079F9 /* Release */ = {
			isa = XCBuildConfiguration;
			buildSettings = {
				ALWAYS_SEARCH_USER_PATHS = NO;
				ASSETCATALOG_COMPILER_GENERATE_SWIFT_ASSET_SYMBOL_EXTENSIONS = YES;
				CLANG_ANALYZER_NONNULL = YES;
				CLANG_ANALYZER_NUMBER_OBJECT_CONVERSION = YES_AGGRESSIVE;
				CLANG_CXX_LANGUAGE_STANDARD = "gnu++20";
				CLANG_ENABLE_MODULES = YES;
				CLANG_ENABLE_OBJC_ARC = YES;
				CLANG_ENABLE_OBJC_WEAK = YES;
				CLANG_WARN_BLOCK_CAPTURE_AUTORELEASING = YES;
				CLANG_WARN_BOOL_CONVERSION = YES;
				CLANG_WARN_COMMA = YES;
				CLANG_WARN_CONSTANT_CONVERSION = YES;
				CLANG_WARN_DEPRECATED_OBJC_IMPLEMENTATIONS = YES;
				CLANG_WARN_DIRECT_OBJC_ISA_USAGE = YES_ERROR;
				CLANG_WARN_DOCUMENTATION_COMMENTS = YES;
				CLANG_WARN_EMPTY_BODY = YES;
				CLANG_WARN_ENUM_CONVERSION = YES;
				CLANG_WARN_INFINITE_RECURSION = YES;
				CLANG_WARN_INT_CONVERSION = YES;
				CLANG_WARN_NON_LITERAL_NULL_CONVERSION = YES;
				CLANG_WARN_OBJC_IMPLICIT_RETAIN_SELF = YES;
				CLANG_WARN_OBJC_LITERAL_CONVERSION = YES;
				CLANG_WARN_OBJC_ROOT_CLASS = YES_ERROR;
				CLANG_WARN_QUOTED_INCLUDE_IN_FRAMEWORK_HEADER = YES;
				CLANG_WARN_RANGE_LOOP_ANALYSIS = YES;
				CLANG_WARN_STRICT_PROTOTYPES = YES;
				CLANG_WARN_SUSPICIOUS_MOVE = YES;
				CLANG_WARN_UNGUARDED_AVAILABILITY = YES_AGGRESSIVE;
				CLANG_WARN_UNREACHABLE_CODE = YES;
				CLANG_WARN__DUPLICATE_METHOD_MATCH = YES;
				COPY_PHASE_STRIP = NO;
				DEBUG_INFORMATION_FORMAT = "dwarf-with-dsym";
				ENABLE_NS_ASSERTIONS = NO;
				ENABLE_STRICT_OBJC_MSGSEND = YES;
				ENABLE_USER_SCRIPT_SANDBOXING = YES;
				GCC_C_LANGUAGE_STANDARD = gnu17;
				GCC_NO_COMMON_BLOCKS = YES;
				GCC_WARN_64_TO_32_BIT_CONVERSION = YES;
				GCC_WARN_ABOUT_RETURN_TYPE = YES_ERROR;
				GCC_WARN_UNDECLARED_SELECTOR = YES;
				GCC_WARN_UNINITIALIZED_AUTOS = YES_AGGRESSIVE;
				GCC_WARN_UNUSED_FUNCTION = YES;
				GCC_WARN_UNUSED_VARIABLE = YES;
				IPHONEOS_DEPLOYMENT_TARGET = 26.2;
				LOCALIZATION_PREFERS_STRING_CATALOGS = YES;
				MTL_ENABLE_DEBUG_INFO = NO;
				MTL_FAST_MATH = YES;
				SDKROOT = iphoneos;
				SWIFT_COMPILATION_MODE = wholemodule;
				VALIDATE_PRODUCT = YES;
			};
			name = Release;
		};
		788F3B672FF86702008079F9 /* Debug */ = {
			isa = XCBuildConfiguration;
			buildSettings = {
				ASSETCATALOG_COMPILER_APPICON_NAME = AppIcon;
				ASSETCATALOG_COMPILER_GLOBAL_ACCENT_COLOR_NAME = AccentColor;
				CODE_SIGN_ENTITLEMENTS = Archive/Archive.entitlements;
				CODE_SIGN_STYLE = Automatic;
				CURRENT_PROJECT_VERSION = 1;
				DEVELOPMENT_TEAM = 8GUR7SKHXU;
				ENABLE_PREVIEWS = YES;
				GENERATE_INFOPLIST_FILE = YES;
				INFOPLIST_FILE = Archive/Info.plist;
				INFOPLIST_KEY_UIApplicationSceneManifest_Generation = YES;
				INFOPLIST_KEY_UIApplicationSupportsIndirectInputEvents = YES;
				INFOPLIST_KEY_UILaunchScreen_Generation = YES;
				INFOPLIST_KEY_UISupportedInterfaceOrientations_iPad = "UIInterfaceOrientationPortrait UIInterfaceOrientationPortraitUpsideDown UIInterfaceOrientationLandscapeLeft UIInterfaceOrientationLandscapeRight";
				INFOPLIST_KEY_UISupportedInterfaceOrientations_iPhone = "UIInterfaceOrientationPortrait UIInterfaceOrientationLandscapeLeft UIInterfaceOrientationLandscapeRight";
				LD_RUNPATH_SEARCH_PATHS = (
					"$(inherited)",
					"@executable_path/Frameworks",
				);
				MARKETING_VERSION = 1.0;
				PRODUCT_BUNDLE_IDENTIFIER = matthewlu.Archive;
				PRODUCT_NAME = "$(TARGET_NAME)";
				STRING_CATALOG_GENERATE_SYMBOLS = YES;
				SWIFT_APPROACHABLE_CONCURRENCY = YES;
				SWIFT_DEFAULT_ACTOR_ISOLATION = MainActor;
				SWIFT_EMIT_LOC_STRINGS = YES;
				SWIFT_UPCOMING_FEATURE_MEMBER_IMPORT_VISIBILITY = YES;
				SWIFT_VERSION = 5.0;
				TARGETED_DEVICE_FAMILY = "1,2";
			};
			name = Debug;
		};
		788F3B682FF86702008079F9 /* Release */ = {
			isa = XCBuildConfiguration;
			buildSettings = {
				ASSETCATALOG_COMPILER_APPICON_NAME = AppIcon;
				ASSETCATALOG_COMPILER_GLOBAL_ACCENT_COLOR_NAME = AccentColor;
				CODE_SIGN_ENTITLEMENTS = Archive/Archive.entitlements;
				CODE_SIGN_STYLE = Automatic;
				CURRENT_PROJECT_VERSION = 1;
				DEVELOPMENT_TEAM = 8GUR7SKHXU;
				ENABLE_PREVIEWS = YES;
				GENERATE_INFOPLIST_FILE = YES;
				INFOPLIST_FILE = Archive/Info.plist;
				INFOPLIST_KEY_UIApplicationSceneManifest_Generation = YES;
				INFOPLIST_KEY_UIApplicationSupportsIndirectInputEvents = YES;
				INFOPLIST_KEY_UILaunchScreen_Generation = YES;
				INFOPLIST_KEY_UISupportedInterfaceOrientations_iPad = "UIInterfaceOrientationPortrait UIInterfaceOrientationPortraitUpsideDown UIInterfaceOrientationLandscapeLeft UIInterfaceOrientationLandscapeRight";
				INFOPLIST_KEY_UISupportedInterfaceOrientations_iPhone = "UIInterfaceOrientationPortrait UIInterfaceOrientationLandscapeLeft UIInterfaceOrientationLandscapeRight";
				LD_RUNPATH_SEARCH_PATHS = (
					"$(inherited)",
					"@executable_path/Frameworks",
				);
				MARKETING_VERSION = 1.0;
				PRODUCT_BUNDLE_IDENTIFIER = matthewlu.Archive;
				PRODUCT_NAME = "$(TARGET_NAME)";
				STRING_CATALOG_GENERATE_SYMBOLS = YES;
				SWIFT_APPROACHABLE_CONCURRENCY = YES;
				SWIFT_DEFAULT_ACTOR_ISOLATION = MainActor;
				SWIFT_EMIT_LOC_STRINGS = YES;
				SWIFT_UPCOMING_FEATURE_MEMBER_IMPORT_VISIBILITY = YES;
				SWIFT_VERSION = 5.0;
				TARGETED_DEVICE_FAMILY = "1,2";
			};
			name = Release;
		};
		AA0000000000000000000009 /* Debug */ = {
			isa = XCBuildConfiguration;
			buildSettings = {
				CODE_SIGN_ENTITLEMENTS = ArchiveShareExtension/ArchiveShareExtension.entitlements;
				CODE_SIGN_STYLE = Automatic;
				CURRENT_PROJECT_VERSION = 1;
				DEVELOPMENT_TEAM = 8GUR7SKHXU;
				GENERATE_INFOPLIST_FILE = YES;
				INFOPLIST_FILE = ArchiveShareExtension/Info.plist;
				INFOPLIST_KEY_CFBundleDisplayName = Archive;
				LD_RUNPATH_SEARCH_PATHS = (
					"$(inherited)",
					"@executable_path/Frameworks",
					"@executable_path/../../Frameworks",
				);
				MARKETING_VERSION = 1.0;
				PRODUCT_BUNDLE_IDENTIFIER = matthewlu.Archive.ShareExtension;
				PRODUCT_NAME = "$(TARGET_NAME)";
				SKIP_INSTALL = YES;
				STRING_CATALOG_GENERATE_SYMBOLS = YES;
				SWIFT_APPROACHABLE_CONCURRENCY = YES;
				SWIFT_DEFAULT_ACTOR_ISOLATION = MainActor;
				SWIFT_EMIT_LOC_STRINGS = YES;
				SWIFT_UPCOMING_FEATURE_MEMBER_IMPORT_VISIBILITY = YES;
				SWIFT_VERSION = 5.0;
				TARGETED_DEVICE_FAMILY = "1,2";
			};
			name = Debug;
		};
		AA000000000000000000000A /* Release */ = {
			isa = XCBuildConfiguration;
			buildSettings = {
				CODE_SIGN_ENTITLEMENTS = ArchiveShareExtension/ArchiveShareExtension.entitlements;
				CODE_SIGN_STYLE = Automatic;
				CURRENT_PROJECT_VERSION = 1;
				DEVELOPMENT_TEAM = 8GUR7SKHXU;
				GENERATE_INFOPLIST_FILE = YES;
				INFOPLIST_FILE = ArchiveShareExtension/Info.plist;
				INFOPLIST_KEY_CFBundleDisplayName = Archive;
				LD_RUNPATH_SEARCH_PATHS = (
					"$(inherited)",
					"@executable_path/Frameworks",
					"@executable_path/../../Frameworks",
				);
				MARKETING_VERSION = 1.0;
				PRODUCT_BUNDLE_IDENTIFIER = matthewlu.Archive.ShareExtension;
				PRODUCT_NAME = "$(TARGET_NAME)";
				SKIP_INSTALL = YES;
				STRING_CATALOG_GENERATE_SYMBOLS = YES;
				SWIFT_APPROACHABLE_CONCURRENCY = YES;
				SWIFT_DEFAULT_ACTOR_ISOLATION = MainActor;
				SWIFT_EMIT_LOC_STRINGS = YES;
				SWIFT_UPCOMING_FEATURE_MEMBER_IMPORT_VISIBILITY = YES;
				SWIFT_VERSION = 5.0;
				TARGETED_DEVICE_FAMILY = "1,2";
			};
			name = Release;
		};
/* End XCBuildConfiguration section */

/* Begin XCConfigurationList section */
		788F3B402FF86701008079F9 /* Build configuration list for PBXProject "Archive" */ = {
			isa = XCConfigurationList;
			buildConfigurations = (
				788F3B642FF86702008079F9 /* Debug */,
				788F3B652FF86702008079F9 /* Release */,
			);
			defaultConfigurationIsVisible = 0;
			defaultConfigurationName = Release;
		};
		788F3B662FF86702008079F9 /* Build configuration list for PBXNativeTarget "Archive" */ = {
			isa = XCConfigurationList;
			buildConfigurations = (
				788F3B672FF86702008079F9 /* Debug */,
				788F3B682FF86702008079F9 /* Release */,
			);
			defaultConfigurationIsVisible = 0;
			defaultConfigurationName = Release;
		};
		AA0000000000000000000008 /* Build configuration list for PBXNativeTarget "ArchiveShareExtension" */ = {
			isa = XCConfigurationList;
			buildConfigurations = (
				AA0000000000000000000009 /* Debug */,
				AA000000000000000000000A /* Release */,
			);
			defaultConfigurationIsVisible = 0;
			defaultConfigurationName = Release;
		};
/* End XCConfigurationList section */

/* Begin XCRemoteSwiftPackageReference section */
		788F3B6F2FF8673E008079F9 /* XCRemoteSwiftPackageReference "GoogleSignIn-iOS" */ = {
			isa = XCRemoteSwiftPackageReference;
			repositoryURL = "https://github.com/google/GoogleSignIn-iOS";
			requirement = {
				kind = upToNextMajorVersion;
				minimumVersion = 9.2.0;
			};
		};
		788F3B742FF8675E008079F9 /* XCRemoteSwiftPackageReference "supabase-swift" */ = {
			isa = XCRemoteSwiftPackageReference;
			repositoryURL = "https://github.com/supabase/supabase-swift";
			requirement = {
				kind = upToNextMajorVersion;
				minimumVersion = 2.5.1;
			};
		};
/* End XCRemoteSwiftPackageReference section */

/* Begin XCSwiftPackageProductDependency section */
		788F3B702FF8673E008079F9 /* GoogleSignIn */ = {
			isa = XCSwiftPackageProductDependency;
			package = 788F3B6F2FF8673E008079F9 /* XCRemoteSwiftPackageReference "GoogleSignIn-iOS" */;
			productName = GoogleSignIn;
		};
		788F3B722FF8673E008079F9 /* GoogleSignInSwift */ = {
			isa = XCSwiftPackageProductDependency;
			package = 788F3B6F2FF8673E008079F9 /* XCRemoteSwiftPackageReference "GoogleSignIn-iOS" */;
			productName = GoogleSignInSwift;
		};
		788F3B752FF8675E008079F9 /* Auth */ = {
			isa = XCSwiftPackageProductDependency;
			package = 788F3B742FF8675E008079F9 /* XCRemoteSwiftPackageReference "supabase-swift" */;
			productName = Auth;
		};
		788F3B772FF8675E008079F9 /* Functions */ = {
			isa = XCSwiftPackageProductDependency;
			package = 788F3B742FF8675E008079F9 /* XCRemoteSwiftPackageReference "supabase-swift" */;
			productName = Functions;
		};
		788F3B792FF8675E008079F9 /* PostgREST */ = {
			isa = XCSwiftPackageProductDependency;
			package = 788F3B742FF8675E008079F9 /* XCRemoteSwiftPackageReference "supabase-swift" */;
			productName = PostgREST;
		};
		788F3B7B2FF8675E008079F9 /* Realtime */ = {
			isa = XCSwiftPackageProductDependency;
			package = 788F3B742FF8675E008079F9 /* XCRemoteSwiftPackageReference "supabase-swift" */;
			productName = Realtime;
		};
		788F3B7D2FF8675E008079F9 /* Storage */ = {
			isa = XCSwiftPackageProductDependency;
			package = 788F3B742FF8675E008079F9 /* XCRemoteSwiftPackageReference "supabase-swift" */;
			productName = Storage;
		};
		788F3B7F2FF8675E008079F9 /* Supabase */ = {
			isa = XCSwiftPackageProductDependency;
			package = 788F3B742FF8675E008079F9 /* XCRemoteSwiftPackageReference "supabase-swift" */;
			productName = Supabase;
		};
		AA000000000000000000000B /* Supabase */ = {
			isa = XCSwiftPackageProductDependency;
			package = 788F3B742FF8675E008079F9 /* XCRemoteSwiftPackageReference "supabase-swift" */;
			productName = Supabase;
		};
/* End XCSwiftPackageProductDependency section */
	};
	rootObject = 788F3B3D2FF86701008079F9 /* Project object */;
}
